
Microsoft Visual Studio Solution File, Format Version 12.00
# Visual Studio Version 17
VisualStudioVersion = 17.14.36414.22 d17.14
MinimumVisualStudioVersion = 10.0.40219.1
Project("{FAE04EC0-301F-11D3-BF4B-00C04F79EFBC}") = "Payroll System", "Payroll System\Payroll System.csproj", "{D9BF4BB4-0C46-4007-A9E8-7DB8FBB2BF63}"
EndProject
Global
	GlobalSection(SolutionConfigurationPlatforms) = preSolution
		Debug|Any CPU = Debug|Any CPU
		Release|Any CPU = Release|Any CPU
	EndGlobalSection
	GlobalSection(ProjectConfigurationPlatforms) = postSolution
		{D9BF4BB4-0C46-4007-A9E8-7DB8FBB2BF63}.Debug|Any CPU.ActiveCfg = Debug|Any CPU
		{D9BF4BB4-0C46-4007-A9E8-7DB8FBB2BF63}.Debug|Any CPU.Build.0 = Debug|Any CPU
		{D9BF4BB4-0C46-4007-A9E8-7DB8FBB2BF63}.Release|Any CPU.ActiveCfg = Release|Any CPU
		{D9BF4BB4-0C46-4007-A9E8-7DB8FBB2BF63}.Release|Any CPU.Build.0 = Release|Any CPU
	EndGlobalSection
	GlobalSection(SolutionProperties) = preSolution
		HideSolutionNode = FALSE
	EndGlobalSection
	GlobalSection(ExtensibilityGlobals) = postSolution
		SolutionGuid = {286A5F2D-73EB-45DA-B7A7-5CD03C7D1383}
	EndGlobalSection
EndGlobal
